<?xml version="1.0" encoding="utf-8"?>
<Project ToolsVersion="4.0" xmlns="http://schemas.microsoft.com/developer/msbuild/2003">
  <ItemGroup>
    <Filter Include="Source Files">
      <UniqueIdentifier>{4FC737F1-C7A5-4376-A066-2A32D752A2FF}</UniqueIdentifier>
      <Extensions>cpp;c;cc;cxx;def;odl;idl;hpj;bat;asm;asmx</Extensions>
    </Filter>
    <Filter Include="Header Files">
      <UniqueIdentifier>{93995380-89BD-4b04-88EB-625FBE52EBFB}</UniqueIdentifier>
      <Extensions>h;hh;hpp;hxx;hm;inl;inc;xsd</Extensions>
    </Filter>
    <Filter Include="Resource Files">
      <UniqueIdentifier>{67DA6AB6-F800-4c08-8B7A-83BB121AAD01}</UniqueIdentifier>
      <Extensions>rc;ico;cur;bmp;dlg;rc2;rct;bin;rgs;gif;jpg;jpeg;jpe;resx;tiff;tif;png;wav;mfcribbon-ms</Extensions>
    </Filter>
    <Filter Include="Source Files\framework">
      <UniqueIdentifier>{54f6fbf2-e4a9-4267-99c4-b0d5ad222790}</UniqueIdentifier>
    </Filter>
    <Filter Include="Source Files\impl">
      <UniqueIdentifier>{a9a49040-9a9d-4804-8663-744a2ab934c4}</UniqueIdentifier>
    </Filter>
    <Filter Include="Source Files\impl\utils">
      <UniqueIdentifier>{44f94011-1442-4f33-aeea-892a16625749}</UniqueIdentifier>
    </Filter>
  </ItemGroup>
  <ItemGroup>

    <ClCompile Include="..\RebeccaAIML-src-9871\src\rebecca\AimlFacade.cpp"><Filter>Source Files</Filter></ClCompile>
    <ClCompile Include="..\RebeccaAIML-src-9871\src\rebecca\GraphBuilder.cpp"><Filter>Source Files</Filter></ClCompile>
    <ClCompile Include="..\RebeccaAIML-src-9871\src\rebecca\StringPimpl.cpp"><Filter>Source Files</Filter></ClCompile>    
    <ClCompile Include="..\RebeccaAIML-src-9871\src\rebecca\framework\AIML.cpp"><Filter>Source Files</Filter></ClCompile>
    <ClCompile Include="..\RebeccaAIML-src-9871\src\rebecca\framework\Bot.cpp"><Filter>Source Files</Filter></ClCompile>
    <ClCompile Include="..\RebeccaAIML-src-9871\src\rebecca\framework\Category.cpp"><Filter>Source Files</Filter></ClCompile>
    <ClCompile Include="..\RebeccaAIML-src-9871\src\rebecca\framework\Condition.cpp"><Filter>Source Files</Filter></ClCompile>
    <ClCompile Include="..\RebeccaAIML-src-9871\src\rebecca\framework\Date.cpp"><Filter>Source Files</Filter></ClCompile>
    <ClCompile Include="..\RebeccaAIML-src-9871\src\rebecca\framework\Formal.cpp"><Filter>Source Files</Filter></ClCompile>
    <ClCompile Include="..\RebeccaAIML-src-9871\src\rebecca\framework\Gender.cpp"><Filter>Source Files</Filter></ClCompile>
    <ClCompile Include="..\RebeccaAIML-src-9871\src\rebecca\framework\Get.cpp"><Filter>Source Files</Filter></ClCompile>
    <ClCompile Include="..\RebeccaAIML-src-9871\src\rebecca\framework\Gossip.cpp"><Filter>Source Files</Filter></ClCompile>
    <ClCompile Include="..\RebeccaAIML-src-9871\src\rebecca\framework\GraphBuilderFramework.cpp"><Filter>Source Files</Filter></ClCompile>
    <ClCompile Include="..\RebeccaAIML-src-9871\src\rebecca\framework\Id.cpp"><Filter>Source Files</Filter></ClCompile>
    <ClCompile Include="..\RebeccaAIML-src-9871\src\rebecca\framework\InnerAIML.cpp"><Filter>Source Files</Filter></ClCompile>
    <ClCompile Include="..\RebeccaAIML-src-9871\src\rebecca\framework\InnerCategory.cpp"><Filter>Source Files</Filter></ClCompile>
    <ClCompile Include="..\RebeccaAIML-src-9871\src\rebecca\framework\InnerTemplaListImpl.cpp"><Filter>Source Files</Filter></ClCompile>
    <ClCompile Include="..\RebeccaAIML-src-9871\src\rebecca\framework\InnerTemplate.cpp"><Filter>Source Files</Filter></ClCompile>
    <ClCompile Include="..\RebeccaAIML-src-9871\src\rebecca\framework\InnerTopic.cpp"><Filter>Source Files</Filter></ClCompile>
    <ClCompile Include="..\RebeccaAIML-src-9871\src\rebecca\framework\Input.cpp"><Filter>Source Files</Filter></ClCompile>
    <ClCompile Include="..\RebeccaAIML-src-9871\src\rebecca\framework\Learn.cpp"><Filter>Source Files</Filter></ClCompile>
    <ClCompile Include="..\RebeccaAIML-src-9871\src\rebecca\framework\Li.cpp"><Filter>Source Files</Filter></ClCompile>
    <ClCompile Include="..\RebeccaAIML-src-9871\src\rebecca\framework\LowerCase.cpp"><Filter>Source Files</Filter></ClCompile>
    <ClCompile Include="..\RebeccaAIML-src-9871\src\rebecca\framework\NonImplemented.cpp"><Filter>Source Files</Filter></ClCompile>
    <ClCompile Include="..\RebeccaAIML-src-9871\src\rebecca\framework\Pattern.cpp"><Filter>Source Files</Filter></ClCompile>
    <ClCompile Include="..\RebeccaAIML-src-9871\src\rebecca\framework\PatternSideThat.cpp"><Filter>Source Files</Filter></ClCompile>
    <ClCompile Include="..\RebeccaAIML-src-9871\src\rebecca\framework\Person.cpp"><Filter>Source Files</Filter></ClCompile>
    <ClCompile Include="..\RebeccaAIML-src-9871\src\rebecca\framework\Person2.cpp"><Filter>Source Files</Filter></ClCompile>
    <ClCompile Include="..\RebeccaAIML-src-9871\src\rebecca\framework\PlainWord.cpp"><Filter>Source Files</Filter></ClCompile>
    <ClCompile Include="..\RebeccaAIML-src-9871\src\rebecca\framework\Random.cpp"><Filter>Source Files</Filter></ClCompile>
    <ClCompile Include="..\RebeccaAIML-src-9871\src\rebecca\framework\Sentence.cpp"><Filter>Source Files</Filter></ClCompile>
    <ClCompile Include="..\RebeccaAIML-src-9871\src\rebecca\framework\Set.cpp"><Filter>Source Files</Filter></ClCompile>
    <ClCompile Include="..\RebeccaAIML-src-9871\src\rebecca\framework\Size.cpp"><Filter>Source Files</Filter></ClCompile>
    <ClCompile Include="..\RebeccaAIML-src-9871\src\rebecca\framework\Srai.cpp"><Filter>Source Files</Filter></ClCompile>
    <ClCompile Include="..\RebeccaAIML-src-9871\src\rebecca\framework\Star.cpp"><Filter>Source Files</Filter></ClCompile>
    <ClCompile Include="..\RebeccaAIML-src-9871\src\rebecca\framework\System.cpp"><Filter>Source Files</Filter></ClCompile>
    <ClCompile Include="..\RebeccaAIML-src-9871\src\rebecca\framework\Tag.cpp"><Filter>Source Files</Filter></ClCompile>
    <ClCompile Include="..\RebeccaAIML-src-9871\src\rebecca\framework\Template.cpp"><Filter>Source Files</Filter></ClCompile>
    <ClCompile Include="..\RebeccaAIML-src-9871\src\rebecca\framework\TemplateSideThat.cpp"><Filter>Source Files</Filter></ClCompile>
    <ClCompile Include="..\RebeccaAIML-src-9871\src\rebecca\framework\ThatStar.cpp"><Filter>Source Files</Filter></ClCompile>
    <ClCompile Include="..\RebeccaAIML-src-9871\src\rebecca\framework\Think.cpp"><Filter>Source Files</Filter></ClCompile>
    <ClCompile Include="..\RebeccaAIML-src-9871\src\rebecca\framework\Topic.cpp"><Filter>Source Files</Filter></ClCompile>
    <ClCompile Include="..\RebeccaAIML-src-9871\src\rebecca\framework\TopicStar.cpp"><Filter>Source Files</Filter></ClCompile>
    <ClCompile Include="..\RebeccaAIML-src-9871\src\rebecca\framework\UpperCase.cpp"><Filter>Source Files</Filter></ClCompile>
    <ClCompile Include="..\RebeccaAIML-src-9871\src\rebecca\framework\Version.cpp"><Filter>Source Files</Filter></ClCompile>
    <ClCompile Include="..\RebeccaAIML-src-9871\src\rebecca\impl\ConfigurationHandler.cpp"><Filter>Source Files</Filter></ClCompile>
    <ClCompile Include="..\RebeccaAIML-src-9871\src\rebecca\impl\ConfigurationHandlerError.cpp"><Filter>Source Files</Filter></ClCompile>
    <ClCompile Include="..\RebeccaAIML-src-9871\src\rebecca\impl\CustomTagWithDelete.cpp"><Filter>Source Files</Filter></ClCompile>
    <ClCompile Include="..\RebeccaAIML-src-9871\src\rebecca\impl\Factory.cpp"><Filter>Source Files</Filter></ClCompile>
    <ClCompile Include="..\RebeccaAIML-src-9871\src\rebecca\impl\getStringFromSentence.cpp"><Filter>Source Files</Filter></ClCompile>
    <ClCompile Include="..\RebeccaAIML-src-9871\src\rebecca\impl\GraphBuilderAIML.cpp"><Filter>Source Files</Filter></ClCompile>
    <ClCompile Include="..\RebeccaAIML-src-9871\src\rebecca\impl\GraphBuilderInternal.cpp"><Filter>Source Files</Filter></ClCompile>
    <ClCompile Include="..\RebeccaAIML-src-9871\src\rebecca\impl\GraphHandler.cpp"><Filter>Source Files</Filter></ClCompile>
    <ClCompile Include="..\RebeccaAIML-src-9871\src\rebecca\impl\GraphHandlerError.cpp"><Filter>Source Files</Filter></ClCompile>
    <ClCompile Include="..\RebeccaAIML-src-9871\src\rebecca\impl\NodeMapper.cpp"><Filter>Source Files</Filter></ClCompile>
    <ClCompile Include="..\RebeccaAIML-src-9871\src\rebecca\impl\PrototypeFactory.cpp"><Filter>Source Files</Filter></ClCompile>
    <ClCompile Include="..\RebeccaAIML-src-9871\src\rebecca\impl\utils\Logging.cpp"><Filter>Source Files</Filter></ClCompile>
    <ClCompile Include="..\RebeccaAIML-src-9871\src\rebecca\impl\utils\StackTrace.cpp"><Filter>Source Files</Filter></ClCompile>
    <ClCompile Include="..\RebeccaAIML-src-9871\src\rebecca\impl\utils\Transcode.cpp"><Filter>Source Files</Filter></ClCompile>
  </ItemGroup>
</Project>